PODS:
  - InputBarAccessoryView (4.2.2)
  - MessageKit (3.0.0):
    - InputBarAccessoryView (~> 4.2.2)
    - UICircularProgressRing
  - UICircularProgressRing (6.2.1)

DEPENDENCIES:
  - MessageKit (from `../`)

SPEC REPOS:
  https://github.com/cocoapods/specs.git:
    - InputBarAccessoryView
    - UICircularProgressRing

EXTERNAL SOURCES:
  MessageKit:
    :path: "../"

SPEC CHECKSUMS:
  InputBarAccessoryView: 2b937602598e2fab3149f37f51dd7ad795653812
  MessageKit: d5d464ea11ec667475c3d8dbae464380156d15c4
  UICircularProgressRing: b52543c79dbd89844e13f0053e3f565b7d7efc5c

PODFILE CHECKSUM: cecdb7bc8129cf99f66de9f68eea3256fec30c3d

COCOAPODS: 1.7.5
